{
  "requires": true,
  "lockfileVersion": 1,
  "dependencies": {
    "@wojtekmaj/date-utils": {
      "version": "1.0.3",
      "resolved": "https://registry.npmjs.org/@wojtekmaj/date-utils/-/date-utils-1.0.3.tgz",
      "integrity": "sha512-1VPkkTBk07gMR1fjpBtse4G+oJqpmE+0gUFB0dg3VIL7qJmUVaBoD/vlzMm/jNeOPfvlmerl1lpnsZyBUFIRuw=="
    },
    "github-buttons": {
      "version": "2.14.1",
      "resolved": "https://registry.npmjs.org/github-buttons/-/github-buttons-2.14.1.tgz",
      "integrity": "sha512-ODvmvylJZPn2Rg/OYRwQcGhIi1gWJ3ZpfkaFUMiBYAZtQQUNTPM7ka5iP+mn5J+DBicvgR24M2GV6QqB0M4zPQ=="
    },
    "js-tokens": {
      "version": "4.0.0",
      "resolved": "https://registry.npmjs.org/js-tokens/-/js-tokens-4.0.0.tgz",
      "integrity": "sha512-RdJUflcE3cUzKiMqQgsCu06FPu9UdIJO0beYbPhHN4k6apgJtifcoCtT9bcxOpYBtpD2kCM6Sbzg4CausW/PKQ=="
    },
    "loose-envify": {
      "version": "1.4.0",
      "resolved": "https://registry.npmjs.org/loose-envify/-/loose-envify-1.4.0.tgz",
      "integrity": "sha512-lyuxPGr/Wfhrlem2CL/UcnUc1zcqKAImBDzukY7Y5F/yQiNdko6+fRLevlw1HgMySw7f611UIY408EtxRSoK3Q==",
      "requires": {
        "js-tokens": "^3.0.0 || ^4.0.0"
      }
    },
    "merge-class-names": {
      "version": "1.3.0",
      "resolved": "https://registry.npmjs.org/merge-class-names/-/merge-class-names-1.3.0.tgz",
      "integrity": "sha512-k0Qaj36VBpKgdc8c188LEZvo6v/zzry/FUufwopWbMSp6/knfVFU/KIB55/hJjeIpg18IH2WskXJCRnM/1BrdQ=="
    },
    "object-assign": {
      "version": "4.1.1",
      "resolved": "https://registry.npmjs.org/object-assign/-/object-assign-4.1.1.tgz",
      "integrity": "sha1-IQmtx5ZYh8/AXLvUQsrIv7s2CGM="
    },
    "prop-types": {
      "version": "15.7.2",
      "resolved": "https://registry.npmjs.org/prop-types/-/prop-types-15.7.2.tgz",
      "integrity": "sha512-8QQikdH7//R2vurIJSutZ1smHYTcLpRWEOlHnzcWHmBYrOGUysKwSsrC89BCiFj3CbrfJ/nXFdJepOVrY1GCHQ==",
      "requires": {
        "loose-envify": "^1.4.0",
        "object-assign": "^4.1.1",
        "react-is": "^16.8.1"
      }
    },
    "react": {
      "version": "16.6.3",
      "resolved": "https://registry.npmjs.org/react/-/react-16.6.3.tgz",
      "integrity": "sha512-zCvmH2vbEolgKxtqXL2wmGCUxUyNheYn/C+PD1YAjfxHC54+MhdruyhO7QieQrYsYeTxrn93PM2y0jRH1zEExw==",
      "requires": {
        "loose-envify": "^1.1.0",
        "object-assign": "^4.1.1",
        "prop-types": "^15.6.2",
        "scheduler": "^0.11.2"
      }
    },
    "react-clock": {
      "version": "3.0.0",
      "resolved": "https://registry.npmjs.org/react-clock/-/react-clock-3.0.0.tgz",
      "integrity": "sha512-D3K82D3YGcDtzxZCfiACLcDTL8cJXSgpdrzTY9ff3H5vflxlLzTSLF8apZRo6JZzOFrZQvw5mrS7TkQzj9nG0A==",
      "requires": {
        "@wojtekmaj/date-utils": "^1.0.0",
        "merge-class-names": "^1.1.1",
        "prop-types": "^15.6.0"
      }
    },
    "react-dom": {
      "version": "16.6.3",
      "resolved": "https://registry.npmjs.org/react-dom/-/react-dom-16.6.3.tgz",
      "integrity": "sha512-8ugJWRCWLGXy+7PmNh8WJz3g1TaTUt1XyoIcFN+x0Zbkoz+KKdUyx1AQLYJdbFXjuF41Nmjn5+j//rxvhFjgSQ==",
      "requires": {
        "loose-envify": "^1.1.0",
        "object-assign": "^4.1.1",
        "prop-types": "^15.6.2",
        "scheduler": "^0.11.2"
      }
    },
    "react-github-btn": {
      "version": "1.2.0",
      "resolved": "https://registry.npmjs.org/react-github-btn/-/react-github-btn-1.2.0.tgz",
      "integrity": "sha512-/b2TGTeek5Ky+KtuP5BxOaXgb1FGhbwgZNI6rkwkGk7+xtCtsNMkdchOcCnC3qU1JGTWPKzYZWpPBIouVhXAoQ==",
      "requires": {
        "github-buttons": "^2.8.0"
      }
    },
    "react-is": {
      "version": "16.13.1",
      "resolved": "https://registry.npmjs.org/react-is/-/react-is-16.13.1.tgz",
      "integrity": "sha512-24e6ynE2H+OKt4kqsOvNd8kBpV65zoxbA4BVsEOB3ARVWQki/DHzaUoC5KuON/BiccDaCCTZBuOcfZs70kR8bQ=="
    },
    "react-search-field": {
      "version": "1.1.0",
      "resolved": "https://registry.npmjs.org/react-search-field/-/react-search-field-1.1.0.tgz",
      "integrity": "sha512-bZmJ5KbbmmqTbkeX4Ck/hppdlXyKlbRGmYpzI5waMRMbBMoTlC16Kk1HZgWBtTJ346VU5wlOG0odUWwv2Zx/pw==",
      "requires": {
        "prop-types": "15.7.2",
        "react": "16.6.3",
        "react-dom": "16.6.3",
        "react-github-btn": "1.2.0",
        "typeco": "1.0.0"
      }
    },
    "scheduler": {
      "version": "0.11.3",
      "resolved": "https://registry.npmjs.org/scheduler/-/scheduler-0.11.3.tgz",
      "integrity": "sha512-i9X9VRRVZDd3xZw10NY5Z2cVMbdYg6gqFecfj79USv1CFN+YrJ3gIPRKf1qlY+Sxly4djoKdfx1T+m9dnRB8kQ==",
      "requires": {
        "loose-envify": "^1.1.0",
        "object-assign": "^4.1.1"
      }
    },
    "typeco": {
      "version": "1.0.0",
      "resolved": "https://registry.npmjs.org/typeco/-/typeco-1.0.0.tgz",
      "integrity": "sha512-3mWzemIyiY5jL/fmW2sZp1vv7ifQ5ONjF6fT/4RMHJw3/1oabumpxvYZ9D+z01a5wRFSRPPXZkQjM4WIUzY+GA=="
    }
  }
}
